
Microsoft Visual Studio Solution File, Format Version 12.00
# Visual Studio Version 16
VisualStudioVersion = 16.0.30320.27
MinimumVisualStudioVersion = 10.0.40219.1
Project("{FAE04EC0-301F-11D3-BF4B-00C04F79EFBC}") = "SocketClient", "SocketClient\SocketClient.csproj", "{506EF4DB-2E48-4C89-A42E-D7A7BDBB129C}"
EndProject
Project("{FAE04EC0-301F-11D3-BF4B-00C04F79EFBC}") = "SocketServer", "SocketServer\SocketServer.csproj", "{88ABA61F-556D-4EF9-B463-FA3ADB8FA9FD}"
EndProject
Project("{FAE04EC0-301F-11D3-BF4B-00C04F79EFBC}") = "UDPClient", "UDPClient\UDPClient.csproj", "{88A0A518-6469-4847-BC56-5C92BBCFD4F9}"
EndProject
Project("{FAE04EC0-301F-11D3-BF4B-00C04F79EFBC}") = "UDPServer", "UDPServer\UDPServer.csproj", "{22FC466E-4D3F-4BE6-B7FA-D1B9D82336EE}"
EndProject
Project("{FAE04EC0-301F-11D3-BF4B-00C04F79EFBC}") = "TCPClients", "TCPClients\TCPClients.csproj", "{83F60DFD-5083-4B50-9B87-906BF2DC9FC1}"
EndProject
Project("{FAE04EC0-301F-11D3-BF4B-00C04F79EFBC}") = "TCPServer", "TCPServer\TCPServer.csproj", "{D6879C1A-B9E9-4990-A3A2-46328680DD81}"
EndProject
Project("{FAE04EC0-301F-11D3-BF4B-00C04F79EFBC}") = "SMPTClient", "SMPTClient\SMPTClient.csproj", "{2024EF86-ECA5-4968-B55D-D4DB0E94A5E3}"
EndProject
Project("{FAE04EC0-301F-11D3-BF4B-00C04F79EFBC}") = "QLSinhVien", "QLSinhVien\QLSinhVien.csproj", "{81426529-9FB9-413E-A724-D28A0E997170}"
EndProject
Global
	GlobalSection(SolutionConfigurationPlatforms) = preSolution
		Debug|Any CPU = Debug|Any CPU
		Release|Any CPU = Release|Any CPU
	EndGlobalSection
	GlobalSection(ProjectConfigurationPlatforms) = postSolution
		{506EF4DB-2E48-4C89-A42E-D7A7BDBB129C}.Debug|Any CPU.ActiveCfg = Debug|Any CPU
		{506EF4DB-2E48-4C89-A42E-D7A7BDBB129C}.Debug|Any CPU.Build.0 = Debug|Any CPU
		{506EF4DB-2E48-4C89-A42E-D7A7BDBB129C}.Release|Any CPU.ActiveCfg = Release|Any CPU
		{506EF4DB-2E48-4C89-A42E-D7A7BDBB129C}.Release|Any CPU.Build.0 = Release|Any CPU
		{88ABA61F-556D-4EF9-B463-FA3ADB8FA9FD}.Debug|Any CPU.ActiveCfg = Debug|Any CPU
		{88ABA61F-556D-4EF9-B463-FA3ADB8FA9FD}.Debug|Any CPU.Build.0 = Debug|Any CPU
		{88ABA61F-556D-4EF9-B463-FA3ADB8FA9FD}.Release|Any CPU.ActiveCfg = Release|Any CPU
		{88ABA61F-556D-4EF9-B463-FA3ADB8FA9FD}.Release|Any CPU.Build.0 = Release|Any CPU
		{88A0A518-6469-4847-BC56-5C92BBCFD4F9}.Debug|Any CPU.ActiveCfg = Debug|Any CPU
		{88A0A518-6469-4847-BC56-5C92BBCFD4F9}.Debug|Any CPU.Build.0 = Debug|Any CPU
		{88A0A518-6469-4847-BC56-5C92BBCFD4F9}.Release|Any CPU.ActiveCfg = Release|Any CPU
		{88A0A518-6469-4847-BC56-5C92BBCFD4F9}.Release|Any CPU.Build.0 = Release|Any CPU
		{22FC466E-4D3F-4BE6-B7FA-D1B9D82336EE}.Debug|Any CPU.ActiveCfg = Debug|Any CPU
		{22FC466E-4D3F-4BE6-B7FA-D1B9D82336EE}.Debug|Any CPU.Build.0 = Debug|Any CPU
		{22FC466E-4D3F-4BE6-B7FA-D1B9D82336EE}.Release|Any CPU.ActiveCfg = Release|Any CPU
		{22FC466E-4D3F-4BE6-B7FA-D1B9D82336EE}.Release|Any CPU.Build.0 = Release|Any CPU
		{83F60DFD-5083-4B50-9B87-906BF2DC9FC1}.Debug|Any CPU.ActiveCfg = Debug|Any CPU
		{83F60DFD-5083-4B50-9B87-906BF2DC9FC1}.Debug|Any CPU.Build.0 = Debug|Any CPU
		{83F60DFD-5083-4B50-9B87-906BF2DC9FC1}.Release|Any CPU.ActiveCfg = Release|Any CPU
		{83F60DFD-5083-4B50-9B87-906BF2DC9FC1}.Release|Any CPU.Build.0 = Release|Any CPU
		{D6879C1A-B9E9-4990-A3A2-46328680DD81}.Debug|Any CPU.ActiveCfg = Debug|Any CPU
		{D6879C1A-B9E9-4990-A3A2-46328680DD81}.Debug|Any CPU.Build.0 = Debug|Any CPU
		{D6879C1A-B9E9-4990-A3A2-46328680DD81}.Release|Any CPU.ActiveCfg = Release|Any CPU
		{D6879C1A-B9E9-4990-A3A2-46328680DD81}.Release|Any CPU.Build.0 = Release|Any CPU
		{2024EF86-ECA5-4968-B55D-D4DB0E94A5E3}.Debug|Any CPU.ActiveCfg = Debug|Any CPU
		{2024EF86-ECA5-4968-B55D-D4DB0E94A5E3}.Debug|Any CPU.Build.0 = Debug|Any CPU
		{2024EF86-ECA5-4968-B55D-D4DB0E94A5E3}.Release|Any CPU.ActiveCfg = Release|Any CPU
		{2024EF86-ECA5-4968-B55D-D4DB0E94A5E3}.Release|Any CPU.Build.0 = Release|Any CPU
		{81426529-9FB9-413E-A724-D28A0E997170}.Debug|Any CPU.ActiveCfg = Debug|Any CPU
		{81426529-9FB9-413E-A724-D28A0E997170}.Debug|Any CPU.Build.0 = Debug|Any CPU
		{81426529-9FB9-413E-A724-D28A0E997170}.Release|Any CPU.ActiveCfg = Release|Any CPU
		{81426529-9FB9-413E-A724-D28A0E997170}.Release|Any CPU.Build.0 = Release|Any CPU
	EndGlobalSection
	GlobalSection(SolutionProperties) = preSolution
		HideSolutionNode = FALSE
	EndGlobalSection
	GlobalSection(ExtensibilityGlobals) = postSolution
		SolutionGuid = {3DB7E55E-790C-47E2-93DE-9A5B59DD2A88}
	EndGlobalSection
EndGlobal
